
Microsoft Visual Studio Solution File, Format Version 12.00
# Visual Studio Version 17
VisualStudioVersion = 17.11.34905.51
MinimumVisualStudioVersion = 10.0.40219.1
Project("{FAE04EC0-301F-11D3-BF4B-00C04F79EFBC}") = "ItemsControlDemo", "ItemsControlDemo\ItemsControlDemo.csproj", "{23B04EC4-E2CF-4937-BC4F-F0D9537CCE66}"
EndProject
Global
	GlobalSection(SolutionConfigurationPlatforms) = preSolution
		Debug|Any CPU = Debug|Any CPU
		Release|Any CPU = Release|Any CPU
	EndGlobalSection
	GlobalSection(ProjectConfigurationPlatforms) = postSolution
		{23B04EC4-E2CF-4937-BC4F-F0D9537CCE66}.Debug|Any CPU.ActiveCfg = Debug|Any CPU
		{23B04EC4-E2CF-4937-BC4F-F0D9537CCE66}.Debug|Any CPU.Build.0 = Debug|Any CPU
		{23B04EC4-E2CF-4937-BC4F-F0D9537CCE66}.Release|Any CPU.ActiveCfg = Release|Any CPU
		{23B04EC4-E2CF-4937-BC4F-F0D9537CCE66}.Release|Any CPU.Build.0 = Release|Any CPU
	EndGlobalSection
	GlobalSection(SolutionProperties) = preSolution
		HideSolutionNode = FALSE
	EndGlobalSection
	GlobalSection(ExtensibilityGlobals) = postSolution
		SolutionGuid = {08953F58-542F-40D7-8661-E960B94DD7B6}
	EndGlobalSection
EndGlobal
